
Microsoft Visual Studio Solution File, Format Version 12.00
# Visual Studio 15
VisualStudioVersion = 15.0.26510.0
MinimumVisualStudioVersion = 10.0.40219.1
Project("{9A19103F-16F7-4668-BE54-9A1E7A4F7556}") = "ObservableDatabinding", "ObservableDatabinding\ObservableDatabinding.csproj", "{86E2A3DC-1B24-4160-B29F-15AE56528CBC}"
EndProject
Project("{FAE04EC0-301F-11D3-BF4B-00C04F79EFBC}") = "ObservableBindingSample.Uwp", "ObservableBindingSample.Uwp\ObservableBindingSample.Uwp.csproj", "{7D4D45E4-6D65-44B7-BC04-5F9D2643AFCD}"
EndProject
Project("{FAE04EC0-301F-11D3-BF4B-00C04F79EFBC}") = "ObservableBindingSample.Wpf", "ObservableBindingSample.Wpf\ObservableBindingSample.Wpf.csproj", "{D76E67F9-4616-4A3B-ACA1-E04F32D5D3D1}"
EndProject
Global
	GlobalSection(SolutionConfigurationPlatforms) = preSolution
		Debug|Any CPU = Debug|Any CPU
		Debug|ARM = Debug|ARM
		Debug|x64 = Debug|x64
		Debug|x86 = Debug|x86
		Release|Any CPU = Release|Any CPU
		Release|ARM = Release|ARM
		Release|x64 = Release|x64
		Release|x86 = Release|x86
	EndGlobalSection
	GlobalSection(ProjectConfigurationPlatforms) = postSolution
		{86E2A3DC-1B24-4160-B29F-15AE56528CBC}.Debug|Any CPU.ActiveCfg = Debug|Any CPU
		{86E2A3DC-1B24-4160-B29F-15AE56528CBC}.Debug|Any CPU.Build.0 = Debug|Any CPU
		{86E2A3DC-1B24-4160-B29F-15AE56528CBC}.Debug|ARM.ActiveCfg = Debug|Any CPU
		{86E2A3DC-1B24-4160-B29F-15AE56528CBC}.Debug|ARM.Build.0 = Debug|Any CPU
		{86E2A3DC-1B24-4160-B29F-15AE56528CBC}.Debug|x64.ActiveCfg = Debug|Any CPU
		{86E2A3DC-1B24-4160-B29F-15AE56528CBC}.Debug|x64.Build.0 = Debug|Any CPU
		{86E2A3DC-1B24-4160-B29F-15AE56528CBC}.Debug|x86.ActiveCfg = Debug|Any CPU
		{86E2A3DC-1B24-4160-B29F-15AE56528CBC}.Debug|x86.Build.0 = Debug|Any CPU
		{86E2A3DC-1B24-4160-B29F-15AE56528CBC}.Release|Any CPU.ActiveCfg = Release|Any CPU
		{86E2A3DC-1B24-4160-B29F-15AE56528CBC}.Release|Any CPU.Build.0 = Release|Any CPU
		{86E2A3DC-1B24-4160-B29F-15AE56528CBC}.Release|ARM.ActiveCfg = Release|Any CPU
		{86E2A3DC-1B24-4160-B29F-15AE56528CBC}.Release|ARM.Build.0 = Release|Any CPU
		{86E2A3DC-1B24-4160-B29F-15AE56528CBC}.Release|x64.ActiveCfg = Release|Any CPU
		{86E2A3DC-1B24-4160-B29F-15AE56528CBC}.Release|x64.Build.0 = Release|Any CPU
		{86E2A3DC-1B24-4160-B29F-15AE56528CBC}.Release|x86.ActiveCfg = Release|Any CPU
		{86E2A3DC-1B24-4160-B29F-15AE56528CBC}.Release|x86.Build.0 = Release|Any CPU
		{7D4D45E4-6D65-44B7-BC04-5F9D2643AFCD}.Debug|Any CPU.ActiveCfg = Debug|x86
		{7D4D45E4-6D65-44B7-BC04-5F9D2643AFCD}.Debug|ARM.ActiveCfg = Debug|ARM
		{7D4D45E4-6D65-44B7-BC04-5F9D2643AFCD}.Debug|ARM.Build.0 = Debug|ARM
		{7D4D45E4-6D65-44B7-BC04-5F9D2643AFCD}.Debug|ARM.Deploy.0 = Debug|ARM
		{7D4D45E4-6D65-44B7-BC04-5F9D2643AFCD}.Debug|x64.ActiveCfg = Debug|x64
		{7D4D45E4-6D65-44B7-BC04-5F9D2643AFCD}.Debug|x64.Build.0 = Debug|x64
		{7D4D45E4-6D65-44B7-BC04-5F9D2643AFCD}.Debug|x64.Deploy.0 = Debug|x64
		{7D4D45E4-6D65-44B7-BC04-5F9D2643AFCD}.Debug|x86.ActiveCfg = Debug|x86
		{7D4D45E4-6D65-44B7-BC04-5F9D2643AFCD}.Debug|x86.Build.0 = Debug|x86
		{7D4D45E4-6D65-44B7-BC04-5F9D2643AFCD}.Debug|x86.Deploy.0 = Debug|x86
		{7D4D45E4-6D65-44B7-BC04-5F9D2643AFCD}.Release|Any CPU.ActiveCfg = Release|x86
		{7D4D45E4-6D65-44B7-BC04-5F9D2643AFCD}.Release|ARM.ActiveCfg = Release|ARM
		{7D4D45E4-6D65-44B7-BC04-5F9D2643AFCD}.Release|ARM.Build.0 = Release|ARM
		{7D4D45E4-6D65-44B7-BC04-5F9D2643AFCD}.Release|ARM.Deploy.0 = Release|ARM
		{7D4D45E4-6D65-44B7-BC04-5F9D2643AFCD}.Release|x64.ActiveCfg = Release|x64
		{7D4D45E4-6D65-44B7-BC04-5F9D2643AFCD}.Release|x64.Build.0 = Release|x64
		{7D4D45E4-6D65-44B7-BC04-5F9D2643AFCD}.Release|x64.Deploy.0 = Release|x64
		{7D4D45E4-6D65-44B7-BC04-5F9D2643AFCD}.Release|x86.ActiveCfg = Release|x86
		{7D4D45E4-6D65-44B7-BC04-5F9D2643AFCD}.Release|x86.Build.0 = Release|x86
		{7D4D45E4-6D65-44B7-BC04-5F9D2643AFCD}.Release|x86.Deploy.0 = Release|x86
		{D76E67F9-4616-4A3B-ACA1-E04F32D5D3D1}.Debug|Any CPU.ActiveCfg = Debug|Any CPU
		{D76E67F9-4616-4A3B-ACA1-E04F32D5D3D1}.Debug|Any CPU.Build.0 = Debug|Any CPU
		{D76E67F9-4616-4A3B-ACA1-E04F32D5D3D1}.Debug|ARM.ActiveCfg = Debug|Any CPU
		{D76E67F9-4616-4A3B-ACA1-E04F32D5D3D1}.Debug|ARM.Build.0 = Debug|Any CPU
		{D76E67F9-4616-4A3B-ACA1-E04F32D5D3D1}.Debug|x64.ActiveCfg = Debug|Any CPU
		{D76E67F9-4616-4A3B-ACA1-E04F32D5D3D1}.Debug|x64.Build.0 = Debug|Any CPU
		{D76E67F9-4616-4A3B-ACA1-E04F32D5D3D1}.Debug|x86.ActiveCfg = Debug|Any CPU
		{D76E67F9-4616-4A3B-ACA1-E04F32D5D3D1}.Debug|x86.Build.0 = Debug|Any CPU
		{D76E67F9-4616-4A3B-ACA1-E04F32D5D3D1}.Release|Any CPU.ActiveCfg = Release|Any CPU
		{D76E67F9-4616-4A3B-ACA1-E04F32D5D3D1}.Release|Any CPU.Build.0 = Release|Any CPU
		{D76E67F9-4616-4A3B-ACA1-E04F32D5D3D1}.Release|ARM.ActiveCfg = Release|Any CPU
		{D76E67F9-4616-4A3B-ACA1-E04F32D5D3D1}.Release|ARM.Build.0 = Release|Any CPU
		{D76E67F9-4616-4A3B-ACA1-E04F32D5D3D1}.Release|x64.ActiveCfg = Release|Any CPU
		{D76E67F9-4616-4A3B-ACA1-E04F32D5D3D1}.Release|x64.Build.0 = Release|Any CPU
		{D76E67F9-4616-4A3B-ACA1-E04F32D5D3D1}.Release|x86.ActiveCfg = Release|Any CPU
		{D76E67F9-4616-4A3B-ACA1-E04F32D5D3D1}.Release|x86.Build.0 = Release|Any CPU
	EndGlobalSection
	GlobalSection(SolutionProperties) = preSolution
		HideSolutionNode = FALSE
	EndGlobalSection
EndGlobal
